
Microsoft Visual Studio Solution File, Format Version 12.00
# 
Project("{FAE04EC0-301F-11D3-BF4B-00C04F79EFBC}") = "BancolombiaExtractos", "BancolombiaExtractos\BancolombiaExtractos.csproj", "{87F7AD9B-BCE3-4245-BB08-EB499EB9AA40}"
EndProject
Global
	GlobalSection(SolutionConfigurationPlatforms) = preSolution
		Debug|Any CPU = Debug|Any CPU
		Release|Any CPU = Release|Any CPU
	EndGlobalSection
	GlobalSection(ProjectConfigurationPlatforms) = postSolution
		{87F7AD9B-BCE3-4245-BB08-EB499EB9AA40}.Debug|Any CPU.ActiveCfg = Debug|Any CPU
		{87F7AD9B-BCE3-4245-BB08-EB499EB9AA40}.Debug|Any CPU.Build.0 = Debug|Any CPU
		{87F7AD9B-BCE3-4245-BB08-EB499EB9AA40}.Release|Any CPU.ActiveCfg = Release|Any CPU
		{87F7AD9B-BCE3-4245-BB08-EB499EB9AA40}.Release|Any CPU.Build.0 = Release|Any CPU
	EndGlobalSection
EndGlobal
